// !$*UTF8*$!
{
	archiveVersion = 1;
	classes = {
	};
	objectVersion = 56;
	objects = {

/* Begin PBXBuildFile section */
		BD18BA622963C2440088F68F /* WorkoutsApp.swift in Sources */ = {isa = PBXBuildFile; fileRef = BD18BA612963C2440088F68F /* WorkoutsApp.swift */; };
		BD18BA642963C2440088F68F /* ContentView.swift in Sources */ = {isa = PBXBuildFile; fileRef = BD18BA632963C2440088F68F /* ContentView.swift */; };
		BD18BA662963C2450088F68F /* Assets.xcassets in Resources */ = {isa = PBXBuildFile; fileRef = BD18BA652963C2450088F68F /* Assets.xcassets */; };
		BD18BA6A2963C2450088F68F /* Preview Assets.xcassets in Resources */ = {isa = PBXBuildFile; fileRef = BD18BA692963C2450088F68F /* Preview Assets.xcassets */; };
		BD18BA742963C2450088F68F /* WorkoutsTests.swift in Sources */ = {isa = PBXBuildFile; fileRef = BD18BA732963C2450088F68F /* WorkoutsTests.swift */; };
		BD18BA8D2963C26D0088F68F /* W_Routine.swift in Sources */ = {isa = PBXBuildFile; fileRef = BD18BA8C2963C26D0088F68F /* W_Routine.swift */; };
		BD18BA8F2963C6910088F68F /* GoogleService-Info.plist in Resources */ = {isa = PBXBuildFile; fileRef = BD18BA8E2963C6910088F68F /* GoogleService-Info.plist */; };
		BD18BA9A2963C9790088F68F /* Model.swift in Sources */ = {isa = PBXBuildFile; fileRef = BD18BA992963C9790088F68F /* Model.swift */; };
		BD51DE5B296561A4008B828F /* W_Exercise.swift in Sources */ = {isa = PBXBuildFile; fileRef = BDE797E7296560FF0087085C /* W_Exercise.swift */; };
		BD59F6342965517600F9BB65 /* Repositories.swift in Sources */ = {isa = PBXBuildFile; fileRef = BD59F6332965517600F9BB65 /* Repositories.swift */; };
		BD59F636296551D900F9BB65 /* AuthenticationService.swift in Sources */ = {isa = PBXBuildFile; fileRef = BD59F635296551D900F9BB65 /* AuthenticationService.swift */; };
		BDE797DE29655EE90087085C /* FirebaseAuth in Frameworks */ = {isa = PBXBuildFile; productRef = BDE797DD29655EE90087085C /* FirebaseAuth */; };
		BDE797E029655EE90087085C /* FirebaseFirestore in Frameworks */ = {isa = PBXBuildFile; productRef = BDE797DF29655EE90087085C /* FirebaseFirestore */; };
		BDE797E229655EE90087085C /* FirebaseFirestoreCombine-Community in Frameworks */ = {isa = PBXBuildFile; productRef = BDE797E129655EE90087085C /* FirebaseFirestoreCombine-Community */; };
		BDE797E429655EE90087085C /* FirebaseFirestoreSwift in Frameworks */ = {isa = PBXBuildFile; productRef = BDE797E329655EE90087085C /* FirebaseFirestoreSwift */; };
		BDE797E629655EE90087085C /* FirebaseStorage in Frameworks */ = {isa = PBXBuildFile; productRef = BDE797E529655EE90087085C /* FirebaseStorage */; };
/* End PBXBuildFile section */

/* Begin PBXContainerItemProxy section */
		BD18BA702963C2450088F68F /* PBXContainerItemProxy */ = {
			isa = PBXContainerItemProxy;
			containerPortal = BD18BA562963C2440088F68F /* Project object */;
			proxyType = 1;
			remoteGlobalIDString = BD18BA5D2963C2440088F68F;
			remoteInfo = workouts;
		};
/* End PBXContainerItemProxy section */

/* Begin PBXFileReference section */
		BD18BA5E2963C2440088F68F /* workouts.app */ = {isa = PBXFileReference; explicitFileType = wrapper.application; includeInIndex = 0; path = workouts.app; sourceTree = BUILT_PRODUCTS_DIR; };
		BD18BA612963C2440088F68F /* WorkoutsApp.swift */ = {isa = PBXFileReference; lastKnownFileType = sourcecode.swift; path = WorkoutsApp.swift; sourceTree = "<group>"; };
		BD18BA632963C2440088F68F /* ContentView.swift */ = {isa = PBXFileReference; lastKnownFileType = sourcecode.swift; path = ContentView.swift; sourceTree = "<group>"; };
		BD18BA652963C2450088F68F /* Assets.xcassets */ = {isa = PBXFileReference; lastKnownFileType = folder.assetcatalog; path = Assets.xcassets; sourceTree = "<group>"; };
		BD18BA672963C2450088F68F /* workouts.entitlements */ = {isa = PBXFileReference; lastKnownFileType = text.plist.entitlements; path = workouts.entitlements; sourceTree = "<group>"; };
		BD18BA692963C2450088F68F /* Preview Assets.xcassets */ = {isa = PBXFileReference; lastKnownFileType = folder.assetcatalog; path = "Preview Assets.xcassets"; sourceTree = "<group>"; };
		BD18BA6F2963C2450088F68F /* workoutsTests.xctest */ = {isa = PBXFileReference; explicitFileType = wrapper.cfbundle; includeInIndex = 0; path = workoutsTests.xctest; sourceTree = BUILT_PRODUCTS_DIR; };
		BD18BA732963C2450088F68F /* WorkoutsTests.swift */ = {isa = PBXFileReference; lastKnownFileType = sourcecode.swift; path = WorkoutsTests.swift; sourceTree = "<group>"; };
		BD18BA8C2963C26D0088F68F /* W_Routine.swift */ = {isa = PBXFileReference; lastKnownFileType = sourcecode.swift; path = W_Routine.swift; sourceTree = "<group>"; };
		BD18BA8E2963C6910088F68F /* GoogleService-Info.plist */ = {isa = PBXFileReference; fileEncoding = 4; lastKnownFileType = text.plist.xml; path = "GoogleService-Info.plist"; sourceTree = "<group>"; };
		BD18BA992963C9790088F68F /* Model.swift */ = {isa = PBXFileReference; lastKnownFileType = sourcecode.swift; path = Model.swift; sourceTree = "<group>"; };
		BD59F6332965517600F9BB65 /* Repositories.swift */ = {isa = PBXFileReference; lastKnownFileType = sourcecode.swift; path = Repositories.swift; sourceTree = "<group>"; };
		BD59F635296551D900F9BB65 /* AuthenticationService.swift */ = {isa = PBXFileReference; lastKnownFileType = sourcecode.swift; path = AuthenticationService.swift; sourceTree = "<group>"; };
		BDE797E7296560FF0087085C /* W_Exercise.swift */ = {isa = PBXFileReference; lastKnownFileType = sourcecode.swift; path = W_Exercise.swift; sourceTree = "<group>"; };
/* End PBXFileReference section */

/* Begin PBXFrameworksBuildPhase section */
		BD18BA5B2963C2440088F68F /* Frameworks */ = {
			isa = PBXFrameworksBuildPhase;
			buildActionMask = 2147483647;
			files = (
				BDE797E229655EE90087085C /* FirebaseFirestoreCombine-Community in Frameworks */,
				BDE797DE29655EE90087085C /* FirebaseAuth in Frameworks */,
				BDE797E029655EE90087085C /* FirebaseFirestore in Frameworks */,
				BDE797E629655EE90087085C /* FirebaseStorage in Frameworks */,
				BDE797E429655EE90087085C /* FirebaseFirestoreSwift in Frameworks */,
			);
			runOnlyForDeploymentPostprocessing = 0;
		};
		BD18BA6C2963C2450088F68F /* Frameworks */ = {
			isa = PBXFrameworksBuildPhase;
			buildActionMask = 2147483647;
			files = (
			);
			runOnlyForDeploymentPostprocessing = 0;
		};
/* End PBXFrameworksBuildPhase section */

/* Begin PBXGroup section */
		BD18BA552963C2440088F68F = {
			isa = PBXGroup;
			children = (
				BD18BA602963C2440088F68F /* workouts */,
				BD18BA722963C2450088F68F /* WorkoutsTests */,
				BD18BA5F2963C2440088F68F /* Products */,
			);
			sourceTree = "<group>";
		};
		BD18BA5F2963C2440088F68F /* Products */ = {
			isa = PBXGroup;
			children = (
				BD18BA5E2963C2440088F68F /* workouts.app */,
				BD18BA6F2963C2450088F68F /* workoutsTests.xctest */,
			);
			name = Products;
			sourceTree = "<group>";
		};
		BD18BA602963C2440088F68F /* workouts */ = {
			isa = PBXGroup;
			children = (
				BD18BA612963C2440088F68F /* WorkoutsApp.swift */,
				BD18BA632963C2440088F68F /* ContentView.swift */,
				BD18BA992963C9790088F68F /* Model.swift */,
				BDE797E9296561140087085C /* Data */,
				BD59F6332965517600F9BB65 /* Repositories.swift */,
				BD59F635296551D900F9BB65 /* AuthenticationService.swift */,
				BD18BA652963C2450088F68F /* Assets.xcassets */,
				BD18BA672963C2450088F68F /* workouts.entitlements */,
				BD18BA8E2963C6910088F68F /* GoogleService-Info.plist */,
				BD18BA682963C2450088F68F /* Preview Content */,
			);
			path = workouts;
			sourceTree = "<group>";
		};
		BD18BA682963C2450088F68F /* Preview Content */ = {
			isa = PBXGroup;
			children = (
				BD18BA692963C2450088F68F /* Preview Assets.xcassets */,
			);
			path = "Preview Content";
			sourceTree = "<group>";
		};
		BD18BA722963C2450088F68F /* WorkoutsTests */ = {
			isa = PBXGroup;
			children = (
				BD18BA732963C2450088F68F /* WorkoutsTests.swift */,
			);
			path = WorkoutsTests;
			sourceTree = "<group>";
		};
		BDE797E9296561140087085C /* Data */ = {
			isa = PBXGroup;
			children = (
				BD18BA8C2963C26D0088F68F /* W_Routine.swift */,
				BDE797E7296560FF0087085C /* W_Exercise.swift */,
			);
			path = Data;
			sourceTree = "<group>";
		};
/* End PBXGroup section */

/* Begin PBXNativeTarget section */
		BD18BA5D2963C2440088F68F /* workouts */ = {
			isa = PBXNativeTarget;
			buildConfigurationList = BD18BA832963C2460088F68F /* Build configuration list for PBXNativeTarget "workouts" */;
			buildPhases = (
				BD18BA5A2963C2440088F68F /* Sources */,
				BD18BA5B2963C2440088F68F /* Frameworks */,
				BD18BA5C2963C2440088F68F /* Resources */,
			);
			buildRules = (
			);
			dependencies = (
			);
			name = workouts;
			packageProductDependencies = (
				BDE797DD29655EE90087085C /* FirebaseAuth */,
				BDE797DF29655EE90087085C /* FirebaseFirestore */,
				BDE797E129655EE90087085C /* FirebaseFirestoreCombine-Community */,
				BDE797E329655EE90087085C /* FirebaseFirestoreSwift */,
				BDE797E529655EE90087085C /* FirebaseStorage */,
			);
			productName = workouts;
			productReference = BD18BA5E2963C2440088F68F /* workouts.app */;
			productType = "com.apple.product-type.application";
		};
		BD18BA6E2963C2450088F68F /* workoutsTests */ = {
			isa = PBXNativeTarget;
			buildConfigurationList = BD18BA862963C2460088F68F /* Build configuration list for PBXNativeTarget "workoutsTests" */;
			buildPhases = (
				BD18BA6B2963C2450088F68F /* Sources */,
				BD18BA6C2963C2450088F68F /* Frameworks */,
				BD18BA6D2963C2450088F68F /* Resources */,
			);
			buildRules = (
			);
			dependencies = (
				BD18BA712963C2450088F68F /* PBXTargetDependency */,
			);
			name = workoutsTests;
			productName = workoutsTests;
			productReference = BD18BA6F2963C2450088F68F /* workoutsTests.xctest */;
			productType = "com.apple.product-type.bundle.unit-test";
		};
/* End PBXNativeTarget section */

/* Begin PBXProject section */
		BD18BA562963C2440088F68F /* Project object */ = {
			isa = PBXProject;
			attributes = {
				BuildIndependentTargetsInParallel = 1;
				LastSwiftUpdateCheck = 1400;
				LastUpgradeCheck = 1400;
				TargetAttributes = {
					BD18BA5D2963C2440088F68F = {
						CreatedOnToolsVersion = 14.0;
					};
					BD18BA6E2963C2450088F68F = {
						CreatedOnToolsVersion = 14.0;
						TestTargetID = BD18BA5D2963C2440088F68F;
					};
				};
			};
			buildConfigurationList = BD18BA592963C2440088F68F /* Build configuration list for PBXProject "workouts" */;
			compatibilityVersion = "Xcode 14.0";
			developmentRegion = en;
			hasScannedForEncodings = 0;
			knownRegions = (
				en,
				Base,
			);
			mainGroup = BD18BA552963C2440088F68F;
			packageReferences = (
				BDE797DC29655EE90087085C /* XCRemoteSwiftPackageReference "firebase-ios-sdk" */,
			);
			productRefGroup = BD18BA5F2963C2440088F68F /* Products */;
			projectDirPath = "";
			projectRoot = "";
			targets = (
				BD18BA5D2963C2440088F68F /* workouts */,
				BD18BA6E2963C2450088F68F /* workoutsTests */,
			);
		};
/* End PBXProject section */

/* Begin PBXResourcesBuildPhase section */
		BD18BA5C2963C2440088F68F /* Resources */ = {
			isa = PBXResourcesBuildPhase;
			buildActionMask = 2147483647;
			files = (
				BD18BA6A2963C2450088F68F /* Preview Assets.xcassets in Resources */,
				BD18BA662963C2450088F68F /* Assets.xcassets in Resources */,
				BD18BA8F2963C6910088F68F /* GoogleService-Info.plist in Resources */,
			);
			runOnlyForDeploymentPostprocessing = 0;
		};
		BD18BA6D2963C2450088F68F /* Resources */ = {
			isa = PBXResourcesBuildPhase;
			buildActionMask = 2147483647;
			files = (
			);
			runOnlyForDeploymentPostprocessing = 0;
		};
/* End PBXResourcesBuildPhase section */

/* Begin PBXSourcesBuildPhase section */
		BD18BA5A2963C2440088F68F /* Sources */ = {
			isa = PBXSourcesBuildPhase;
			buildActionMask = 2147483647;
			files = (
				BD18BA642963C2440088F68F /* ContentView.swift in Sources */,
				BD59F6342965517600F9BB65 /* Repositories.swift in Sources */,
				BD18BA8D2963C26D0088F68F /* W_Routine.swift in Sources */,
				BD59F636296551D900F9BB65 /* AuthenticationService.swift in Sources */,
				BD18BA622963C2440088F68F /* WorkoutsApp.swift in Sources */,
				BD18BA9A2963C9790088F68F /* Model.swift in Sources */,
				BD51DE5B296561A4008B828F /* W_Exercise.swift in Sources */,
			);
			runOnlyForDeploymentPostprocessing = 0;
		};
		BD18BA6B2963C2450088F68F /* Sources */ = {
			isa = PBXSourcesBuildPhase;
			buildActionMask = 2147483647;
			files = (
				BD18BA742963C2450088F68F /* WorkoutsTests.swift in Sources */,
			);
			runOnlyForDeploymentPostprocessing = 0;
		};
/* End PBXSourcesBuildPhase section */

/* Begin PBXTargetDependency section */
		BD18BA712963C2450088F68F /* PBXTargetDependency */ = {
			isa = PBXTargetDependency;
			target = BD18BA5D2963C2440088F68F /* workouts */;
			targetProxy = BD18BA702963C2450088F68F /* PBXContainerItemProxy */;
		};
/* End PBXTargetDependency section */

/* Begin XCBuildConfiguration section */
		BD18BA812963C2460088F68F /* Debug */ = {
			isa = XCBuildConfiguration;
			buildSettings = {
				ALWAYS_SEARCH_USER_PATHS = NO;
				CLANG_ANALYZER_NONNULL = YES;
				CLANG_ANALYZER_NUMBER_OBJECT_CONVERSION = YES_AGGRESSIVE;
				CLANG_CXX_LANGUAGE_STANDARD = "gnu++20";
				CLANG_ENABLE_MODULES = YES;
				CLANG_ENABLE_OBJC_ARC = YES;
				CLANG_ENABLE_OBJC_WEAK = YES;
				CLANG_WARN_BLOCK_CAPTURE_AUTORELEASING = YES;
				CLANG_WARN_BOOL_CONVERSION = YES;
				CLANG_WARN_COMMA = YES;
				CLANG_WARN_CONSTANT_CONVERSION = YES;
				CLANG_WARN_DEPRECATED_OBJC_IMPLEMENTATIONS = YES;
				CLANG_WARN_DIRECT_OBJC_ISA_USAGE = YES_ERROR;
				CLANG_WARN_DOCUMENTATION_COMMENTS = YES;
				CLANG_WARN_EMPTY_BODY = YES;
				CLANG_WARN_ENUM_CONVERSION = YES;
				CLANG_WARN_INFINITE_RECURSION = YES;
				CLANG_WARN_INT_CONVERSION = YES;
				CLANG_WARN_NON_LITERAL_NULL_CONVERSION = YES;
				CLANG_WARN_OBJC_IMPLICIT_RETAIN_SELF = YES;
				CLANG_WARN_OBJC_LITERAL_CONVERSION = YES;
				CLANG_WARN_OBJC_ROOT_CLASS = YES_ERROR;
				CLANG_WARN_QUOTED_INCLUDE_IN_FRAMEWORK_HEADER = YES;
				CLANG_WARN_RANGE_LOOP_ANALYSIS = YES;
				CLANG_WARN_STRICT_PROTOTYPES = YES;
				CLANG_WARN_SUSPICIOUS_MOVE = YES;
				CLANG_WARN_UNGUARDED_AVAILABILITY = YES_AGGRESSIVE;
				CLANG_WARN_UNREACHABLE_CODE = YES;
				CLANG_WARN__DUPLICATE_METHOD_MATCH = YES;
				COPY_PHASE_STRIP = NO;
				DEBUG_INFORMATION_FORMAT = dwarf;
				ENABLE_STRICT_OBJC_MSGSEND = YES;
				ENABLE_TESTABILITY = YES;
				GCC_C_LANGUAGE_STANDARD = gnu11;
				GCC_DYNAMIC_NO_PIC = NO;
				GCC_NO_COMMON_BLOCKS = YES;
				GCC_OPTIMIZATION_LEVEL = 0;
				GCC_PREPROCESSOR_DEFINITIONS = (
					"DEBUG=1",
					"$(inherited)",
				);
				GCC_WARN_64_TO_32_BIT_CONVERSION = YES;
				GCC_WARN_ABOUT_RETURN_TYPE = YES_ERROR;
				GCC_WARN_UNDECLARED_SELECTOR = YES;
				GCC_WARN_UNINITIALIZED_AUTOS = YES_AGGRESSIVE;
				GCC_WARN_UNUSED_FUNCTION = YES;
				GCC_WARN_UNUSED_VARIABLE = YES;
				MTL_ENABLE_DEBUG_INFO = INCLUDE_SOURCE;
				MTL_FAST_MATH = YES;
				ONLY_ACTIVE_ARCH = YES;
				SWIFT_ACTIVE_COMPILATION_CONDITIONS = DEBUG;
				SWIFT_OPTIMIZATION_LEVEL = "-Onone";
			};
			name = Debug;
		};
		BD18BA822963C2460088F68F /* Release */ = {
			isa = XCBuildConfiguration;
			buildSettings = {
				ALWAYS_SEARCH_USER_PATHS = NO;
				CLANG_ANALYZER_NONNULL = YES;
				CLANG_ANALYZER_NUMBER_OBJECT_CONVERSION = YES_AGGRESSIVE;
				CLANG_CXX_LANGUAGE_STANDARD = "gnu++20";
				CLANG_ENABLE_MODULES = YES;
				CLANG_ENABLE_OBJC_ARC = YES;
				CLANG_ENABLE_OBJC_WEAK = YES;
				CLANG_WARN_BLOCK_CAPTURE_AUTORELEASING = YES;
				CLANG_WARN_BOOL_CONVERSION = YES;
				CLANG_WARN_COMMA = YES;
				CLANG_WARN_CONSTANT_CONVERSION = YES;
				CLANG_WARN_DEPRECATED_OBJC_IMPLEMENTATIONS = YES;
				CLANG_WARN_DIRECT_OBJC_ISA_USAGE = YES_ERROR;
				CLANG_WARN_DOCUMENTATION_COMMENTS = YES;
				CLANG_WARN_EMPTY_BODY = YES;
				CLANG_WARN_ENUM_CONVERSION = YES;
				CLANG_WARN_INFINITE_RECURSION = YES;
				CLANG_WARN_INT_CONVERSION = YES;
				CLANG_WARN_NON_LITERAL_NULL_CONVERSION = YES;
				CLANG_WARN_OBJC_IMPLICIT_RETAIN_SELF = YES;
				CLANG_WARN_OBJC_LITERAL_CONVERSION = YES;
				CLANG_WARN_OBJC_ROOT_CLASS = YES_ERROR;
				CLANG_WARN_QUOTED_INCLUDE_IN_FRAMEWORK_HEADER = YES;
				CLANG_WARN_RANGE_LOOP_ANALYSIS = YES;
				CLANG_WARN_STRICT_PROTOTYPES = YES;
				CLANG_WARN_SUSPICIOUS_MOVE = YES;
				CLANG_WARN_UNGUARDED_AVAILABILITY = YES_AGGRESSIVE;
				CLANG_WARN_UNREACHABLE_CODE = YES;
				CLANG_WARN__DUPLICATE_METHOD_MATCH = YES;
				COPY_PHASE_STRIP = NO;
				DEBUG_INFORMATION_FORMAT = "dwarf-with-dsym";
				ENABLE_NS_ASSERTIONS = NO;
				ENABLE_STRICT_OBJC_MSGSEND = YES;
				GCC_C_LANGUAGE_STANDARD = gnu11;
				GCC_NO_COMMON_BLOCKS = YES;
				GCC_WARN_64_TO_32_BIT_CONVERSION = YES;
				GCC_WARN_ABOUT_RETURN_TYPE = YES_ERROR;
				GCC_WARN_UNDECLARED_SELECTOR = YES;
				GCC_WARN_UNINITIALIZED_AUTOS = YES_AGGRESSIVE;
				GCC_WARN_UNUSED_FUNCTION = YES;
				GCC_WARN_UNUSED_VARIABLE = YES;
				MTL_ENABLE_DEBUG_INFO = NO;
				MTL_FAST_MATH = YES;
				SWIFT_COMPILATION_MODE = wholemodule;
				SWIFT_OPTIMIZATION_LEVEL = "-O";
			};
			name = Release;
		};
		BD18BA842963C2460088F68F /* Debug */ = {
			isa = XCBuildConfiguration;
			buildSettings = {
				ASSETCATALOG_COMPILER_APPICON_NAME = AppIcon;
				ASSETCATALOG_COMPILER_GLOBAL_ACCENT_COLOR_NAME = AccentColor;
				CODE_SIGN_ENTITLEMENTS = workouts/workouts.entitlements;
				CODE_SIGN_STYLE = Automatic;
				CURRENT_PROJECT_VERSION = 1;
				DEVELOPMENT_ASSET_PATHS = "\"workouts/Preview Content\"";
				DEVELOPMENT_TEAM = 6ZT823VK2T;
				ENABLE_HARDENED_RUNTIME = YES;
				ENABLE_PREVIEWS = YES;
				GENERATE_INFOPLIST_FILE = YES;
				"INFOPLIST_KEY_UIApplicationSceneManifest_Generation[sdk=iphoneos*]" = YES;
				"INFOPLIST_KEY_UIApplicationSceneManifest_Generation[sdk=iphonesimulator*]" = YES;
				"INFOPLIST_KEY_UIApplicationSupportsIndirectInputEvents[sdk=iphoneos*]" = YES;
				"INFOPLIST_KEY_UIApplicationSupportsIndirectInputEvents[sdk=iphonesimulator*]" = YES;
				"INFOPLIST_KEY_UILaunchScreen_Generation[sdk=iphoneos*]" = YES;
				"INFOPLIST_KEY_UILaunchScreen_Generation[sdk=iphonesimulator*]" = YES;
				"INFOPLIST_KEY_UIStatusBarStyle[sdk=iphoneos*]" = UIStatusBarStyleDefault;
				"INFOPLIST_KEY_UIStatusBarStyle[sdk=iphonesimulator*]" = UIStatusBarStyleDefault;
				INFOPLIST_KEY_UISupportedInterfaceOrientations_iPad = "UIInterfaceOrientationPortrait UIInterfaceOrientationPortraitUpsideDown UIInterfaceOrientationLandscapeLeft UIInterfaceOrientationLandscapeRight";
				INFOPLIST_KEY_UISupportedInterfaceOrientations_iPhone = "UIInterfaceOrientationPortrait UIInterfaceOrientationLandscapeLeft UIInterfaceOrientationLandscapeRight";
				IPHONEOS_DEPLOYMENT_TARGET = 16.0;
				LD_RUNPATH_SEARCH_PATHS = "@executable_path/Frameworks";
				"LD_RUNPATH_SEARCH_PATHS[sdk=macosx*]" = "@executable_path/../Frameworks";
				MACOSX_DEPLOYMENT_TARGET = 12.3;
				MARKETING_VERSION = 1.0;
				PRODUCT_BUNDLE_IDENTIFIER = com.frank.workouts;
				PRODUCT_NAME = "$(TARGET_NAME)";
				SDKROOT = auto;
				SUPPORTED_PLATFORMS = "iphoneos iphonesimulator macosx";
				SWIFT_EMIT_LOC_STRINGS = YES;
				SWIFT_VERSION = 5.0;
				TARGETED_DEVICE_FAMILY = "1,2";
			};
			name = Debug;
		};
		BD18BA852963C2460088F68F /* Release */ = {
			isa = XCBuildConfiguration;
			buildSettings = {
				ASSETCATALOG_COMPILER_APPICON_NAME = AppIcon;
				ASSETCATALOG_COMPILER_GLOBAL_ACCENT_COLOR_NAME = AccentColor;
				CODE_SIGN_ENTITLEMENTS = workouts/workouts.entitlements;
				CODE_SIGN_STYLE = Automatic;
				CURRENT_PROJECT_VERSION = 1;
				DEVELOPMENT_ASSET_PATHS = "\"workouts/Preview Content\"";
				DEVELOPMENT_TEAM = 6ZT823VK2T;
				ENABLE_HARDENED_RUNTIME = YES;
				ENABLE_PREVIEWS = YES;
				GENERATE_INFOPLIST_FILE = YES;
				"INFOPLIST_KEY_UIApplicationSceneManifest_Generation[sdk=iphoneos*]" = YES;
				"INFOPLIST_KEY_UIApplicationSceneManifest_Generation[sdk=iphonesimulator*]" = YES;
				"INFOPLIST_KEY_UIApplicationSupportsIndirectInputEvents[sdk=iphoneos*]" = YES;
				"INFOPLIST_KEY_UIApplicationSupportsIndirectInputEvents[sdk=iphonesimulator*]" = YES;
				"INFOPLIST_KEY_UILaunchScreen_Generation[sdk=iphoneos*]" = YES;
				"INFOPLIST_KEY_UILaunchScreen_Generation[sdk=iphonesimulator*]" = YES;
				"INFOPLIST_KEY_UIStatusBarStyle[sdk=iphoneos*]" = UIStatusBarStyleDefault;
				"INFOPLIST_KEY_UIStatusBarStyle[sdk=iphonesimulator*]" = UIStatusBarStyleDefault;
				INFOPLIST_KEY_UISupportedInterfaceOrientations_iPad = "UIInterfaceOrientationPortrait UIInterfaceOrientationPortraitUpsideDown UIInterfaceOrientationLandscapeLeft UIInterfaceOrientationLandscapeRight";
				INFOPLIST_KEY_UISupportedInterfaceOrientations_iPhone = "UIInterfaceOrientationPortrait UIInterfaceOrientationLandscapeLeft UIInterfaceOrientationLandscapeRight";
				IPHONEOS_DEPLOYMENT_TARGET = 16.0;
				LD_RUNPATH_SEARCH_PATHS = "@executable_path/Frameworks";
				"LD_RUNPATH_SEARCH_PATHS[sdk=macosx*]" = "@executable_path/../Frameworks";
				MACOSX_DEPLOYMENT_TARGET = 12.3;
				MARKETING_VERSION = 1.0;
				PRODUCT_BUNDLE_IDENTIFIER = com.frank.workouts;
				PRODUCT_NAME = "$(TARGET_NAME)";
				SDKROOT = auto;
				SUPPORTED_PLATFORMS = "iphoneos iphonesimulator macosx";
				SWIFT_EMIT_LOC_STRINGS = YES;
				SWIFT_VERSION = 5.0;
				TARGETED_DEVICE_FAMILY = "1,2";
			};
			name = Release;
		};
		BD18BA872963C2460088F68F /* Debug */ = {
			isa = XCBuildConfiguration;
			buildSettings = {
				ALWAYS_EMBED_SWIFT_STANDARD_LIBRARIES = YES;
				BUNDLE_LOADER = "$(TEST_HOST)";
				CODE_SIGN_STYLE = Automatic;
				CURRENT_PROJECT_VERSION = 1;
				DEVELOPMENT_TEAM = 6ZT823VK2T;
				GENERATE_INFOPLIST_FILE = YES;
				IPHONEOS_DEPLOYMENT_TARGET = 16.0;
				MACOSX_DEPLOYMENT_TARGET = 12.3;
				MARKETING_VERSION = 1.0;
				PRODUCT_BUNDLE_IDENTIFIER = com.frank.workoutsTests;
				PRODUCT_NAME = "$(TARGET_NAME)";
				SDKROOT = auto;
				SUPPORTED_PLATFORMS = "iphoneos iphonesimulator macosx";
				SWIFT_EMIT_LOC_STRINGS = NO;
				SWIFT_VERSION = 5.0;
				TARGETED_DEVICE_FAMILY = "1,2";
				TEST_HOST = "$(BUILT_PRODUCTS_DIR)/workouts.app/$(BUNDLE_EXECUTABLE_FOLDER_PATH)/workouts";
			};
			name = Debug;
		};
		BD18BA882963C2460088F68F /* Release */ = {
			isa = XCBuildConfiguration;
			buildSettings = {
				ALWAYS_EMBED_SWIFT_STANDARD_LIBRARIES = YES;
				BUNDLE_LOADER = "$(TEST_HOST)";
				CODE_SIGN_STYLE = Automatic;
				CURRENT_PROJECT_VERSION = 1;
				DEVELOPMENT_TEAM = 6ZT823VK2T;
				GENERATE_INFOPLIST_FILE = YES;
				IPHONEOS_DEPLOYMENT_TARGET = 16.0;
				MACOSX_DEPLOYMENT_TARGET = 12.3;
				MARKETING_VERSION = 1.0;
				PRODUCT_BUNDLE_IDENTIFIER = com.frank.workoutsTests;
				PRODUCT_NAME = "$(TARGET_NAME)";
				SDKROOT = auto;
				SUPPORTED_PLATFORMS = "iphoneos iphonesimulator macosx";
				SWIFT_EMIT_LOC_STRINGS = NO;
				SWIFT_VERSION = 5.0;
				TARGETED_DEVICE_FAMILY = "1,2";
				TEST_HOST = "$(BUILT_PRODUCTS_DIR)/workouts.app/$(BUNDLE_EXECUTABLE_FOLDER_PATH)/workouts";
			};
			name = Release;
		};
/* End XCBuildConfiguration section */

/* Begin XCConfigurationList section */
		BD18BA592963C2440088F68F /* Build configuration list for PBXProject "workouts" */ = {
			isa = XCConfigurationList;
			buildConfigurations = (
				BD18BA812963C2460088F68F /* Debug */,
				BD18BA822963C2460088F68F /* Release */,
			);
			defaultConfigurationIsVisible = 0;
			defaultConfigurationName = Release;
		};
		BD18BA832963C2460088F68F /* Build configuration list for PBXNativeTarget "workouts" */ = {
			isa = XCConfigurationList;
			buildConfigurations = (
				BD18BA842963C2460088F68F /* Debug */,
				BD18BA852963C2460088F68F /* Release */,
			);
			defaultConfigurationIsVisible = 0;
			defaultConfigurationName = Release;
		};
		BD18BA862963C2460088F68F /* Build configuration list for PBXNativeTarget "workoutsTests" */ = {
			isa = XCConfigurationList;
			buildConfigurations = (
				BD18BA872963C2460088F68F /* Debug */,
				BD18BA882963C2460088F68F /* Release */,
			);
			defaultConfigurationIsVisible = 0;
			defaultConfigurationName = Release;
		};
/* End XCConfigurationList section */

/* Begin XCRemoteSwiftPackageReference section */
		BDE797DC29655EE90087085C /* XCRemoteSwiftPackageReference "firebase-ios-sdk" */ = {
			isa = XCRemoteSwiftPackageReference;
			repositoryURL = "https://github.com/firebase/firebase-ios-sdk";
			requirement = {
				branch = master;
				kind = branch;
			};
		};
/* End XCRemoteSwiftPackageReference section */

/* Begin XCSwiftPackageProductDependency section */
		BDE797DD29655EE90087085C /* FirebaseAuth */ = {
			isa = XCSwiftPackageProductDependency;
			package = BDE797DC29655EE90087085C /* XCRemoteSwiftPackageReference "firebase-ios-sdk" */;
			productName = FirebaseAuth;
		};
		BDE797DF29655EE90087085C /* FirebaseFirestore */ = {
			isa = XCSwiftPackageProductDependency;
			package = BDE797DC29655EE90087085C /* XCRemoteSwiftPackageReference "firebase-ios-sdk" */;
			productName = FirebaseFirestore;
		};
		BDE797E129655EE90087085C /* FirebaseFirestoreCombine-Community */ = {
			isa = XCSwiftPackageProductDependency;
			package = BDE797DC29655EE90087085C /* XCRemoteSwiftPackageReference "firebase-ios-sdk" */;
			productName = "FirebaseFirestoreCombine-Community";
		};
		BDE797E329655EE90087085C /* FirebaseFirestoreSwift */ = {
			isa = XCSwiftPackageProductDependency;
			package = BDE797DC29655EE90087085C /* XCRemoteSwiftPackageReference "firebase-ios-sdk" */;
			productName = FirebaseFirestoreSwift;
		};
		BDE797E529655EE90087085C /* FirebaseStorage */ = {
			isa = XCSwiftPackageProductDependency;
			package = BDE797DC29655EE90087085C /* XCRemoteSwiftPackageReference "firebase-ios-sdk" */;
			productName = FirebaseStorage;
		};
/* End XCSwiftPackageProductDependency section */
	};
	rootObject = BD18BA562963C2440088F68F /* Project object */;
}
