// !$*UTF8*$!
{
	archiveVersion = 1;
	classes = {
	};
	objectVersion = 56;
	objects = {

/* Begin PBXBuildFile section */
		BD18BA622963C2440088F68F /* workoutsApp.swift in Sources */ = {isa = PBXBuildFile; fileRef = BD18BA612963C2440088F68F /* workoutsApp.swift */; };
		BD18BA642963C2440088F68F /* ContentView.swift in Sources */ = {isa = PBXBuildFile; fileRef = BD18BA632963C2440088F68F /* ContentView.swift */; };
		BD18BA662963C2450088F68F /* Assets.xcassets in Resources */ = {isa = PBXBuildFile; fileRef = BD18BA652963C2450088F68F /* Assets.xcassets */; };
		BD18BA6A2963C2450088F68F /* Preview Assets.xcassets in Resources */ = {isa = PBXBuildFile; fileRef = BD18BA692963C2450088F68F /* Preview Assets.xcassets */; };
		BD18BA742963C2450088F68F /* workoutsTests.swift in Sources */ = {isa = PBXBuildFile; fileRef = BD18BA732963C2450088F68F /* workoutsTests.swift */; };
		BD18BA8D2963C26D0088F68F /* Data.swift in Sources */ = {isa = PBXBuildFile; fileRef = BD18BA8C2963C26D0088F68F /* Data.swift */; };
/* End PBXBuildFile section */

/* Begin PBXContainerItemProxy section */
		BD18BA702963C2450088F68F /* PBXContainerItemProxy */ = {
			isa = PBXContainerItemProxy;
			containerPortal = BD18BA562963C2440088F68F /* Project object */;
			proxyType = 1;
			remoteGlobalIDString = BD18BA5D2963C2440088F68F;
			remoteInfo = workouts;
		};
		BD18BA7A2963C2460088F68F /* PBXContainerItemProxy */ = {
			isa = PBXContainerItemProxy;
			containerPortal = BD18BA562963C2440088F68F /* Project object */;
			proxyType = 1;
			remoteGlobalIDString = BD18BA5D2963C2440088F68F;
			remoteInfo = workouts;
		};
/* End PBXContainerItemProxy section */

/* Begin PBXFileReference section */
		BD18BA5E2963C2440088F68F /* workouts.app */ = {isa = PBXFileReference; explicitFileType = wrapper.application; includeInIndex = 0; path = workouts.app; sourceTree = BUILT_PRODUCTS_DIR; };
		BD18BA612963C2440088F68F /* workoutsApp.swift */ = {isa = PBXFileReference; lastKnownFileType = sourcecode.swift; path = workoutsApp.swift; sourceTree = "<group>"; };
		BD18BA632963C2440088F68F /* ContentView.swift */ = {isa = PBXFileReference; lastKnownFileType = sourcecode.swift; path = ContentView.swift; sourceTree = "<group>"; };
		BD18BA652963C2450088F68F /* Assets.xcassets */ = {isa = PBXFileReference; lastKnownFileType = folder.assetcatalog; path = Assets.xcassets; sourceTree = "<group>"; };
		BD18BA672963C2450088F68F /* workouts.entitlements */ = {isa = PBXFileReference; lastKnownFileType = text.plist.entitlements; path = workouts.entitlements; sourceTree = "<group>"; };
		BD18BA692963C2450088F68F /* Preview Assets.xcassets */ = {isa = PBXFileReference; lastKnownFileType = folder.assetcatalog; path = "Preview Assets.xcassets"; sourceTree = "<group>"; };
		BD18BA6F2963C2450088F68F /* workoutsTests.xctest */ = {isa = PBXFileReference; explicitFileType = wrapper.cfbundle; includeInIndex = 0; path = workoutsTests.xctest; sourceTree = BUILT_PRODUCTS_DIR; };
		BD18BA732963C2450088F68F /* workoutsTests.swift */ = {isa = PBXFileReference; lastKnownFileType = sourcecode.swift; path = workoutsTests.swift; sourceTree = "<group>"; };
		BD18BA792963C2460088F68F /* workoutsUITests.xctest */ = {isa = PBXFileReference; explicitFileType = wrapper.cfbundle; includeInIndex = 0; path = workoutsUITests.xctest; sourceTree = BUILT_PRODUCTS_DIR; };
		BD18BA8C2963C26D0088F68F /* Data.swift */ = {isa = PBXFileReference; lastKnownFileType = sourcecode.swift; path = Data.swift; sourceTree = "<group>"; };
/* End PBXFileReference section */

/* Begin PBXFrameworksBuildPhase section */
		BD18BA5B2963C2440088F68F /* Frameworks */ = {
			isa = PBXFrameworksBuildPhase;
			buildActionMask = 2147483647;
			files = (
			);
			runOnlyForDeploymentPostprocessing = 0;
		};
		BD18BA6C2963C2450088F68F /* Frameworks */ = {
			isa = PBXFrameworksBuildPhase;
			buildActionMask = 2147483647;
			files = (
			);
			runOnlyForDeploymentPostprocessing = 0;
		};
		BD18BA762963C2460088F68F /* Frameworks */ = {
			isa = PBXFrameworksBuildPhase;
			buildActionMask = 2147483647;
			files = (
			);
			runOnlyForDeploymentPostprocessing = 0;
		};
/* End PBXFrameworksBuildPhase section */

/* Begin PBXGroup section */
		BD18BA552963C2440088F68F = {
			isa = PBXGroup;
			children = (
				BD18BA602963C2440088F68F /* workouts */,
				BD18BA722963C2450088F68F /* workoutsTests */,
				BD18BA5F2963C2440088F68F /* Products */,
			);
			sourceTree = "<group>";
		};
		BD18BA5F2963C2440088F68F /* Products */ = {
			isa = PBXGroup;
			children = (
				BD18BA5E2963C2440088F68F /* workouts.app */,
				BD18BA6F2963C2450088F68F /* workoutsTests.xctest */,
				BD18BA792963C2460088F68F /* workoutsUITests.xctest */,
			);
			name = Products;
			sourceTree = "<group>";
		};
		BD18BA602963C2440088F68F /* workouts */ = {
			isa = PBXGroup;
			children = (
				BD18BA612963C2440088F68F /* workoutsApp.swift */,
				BD18BA632963C2440088F68F /* ContentView.swift */,
				BD18BA8C2963C26D0088F68F /* Data.swift */,
				BD18BA652963C2450088F68F /* Assets.xcassets */,
				BD18BA672963C2450088F68F /* workouts.entitlements */,
				BD18BA682963C2450088F68F /* Preview Content */,
			);
			path = workouts;
			sourceTree = "<group>";
		};
		BD18BA682963C2450088F68F /* Preview Content */ = {
			isa = PBXGroup;
			children = (
				BD18BA692963C2450088F68F /* Preview Assets.xcassets */,
			);
			path = "Preview Content";
			sourceTree = "<group>";
		};
		BD18BA722963C2450088F68F /* workoutsTests */ = {
			isa = PBXGroup;
			children = (
				BD18BA732963C2450088F68F /* workoutsTests.swift */,
			);
			path = workoutsTests;
			sourceTree = "<group>";
		};
/* End PBXGroup section */

/* Begin PBXNativeTarget section */
		BD18BA5D2963C2440088F68F /* workouts */ = {
			isa = PBXNativeTarget;
			buildConfigurationList = BD18BA832963C2460088F68F /* Build configuration list for PBXNativeTarget "workouts" */;
			buildPhases = (
				BD18BA5A2963C2440088F68F /* Sources */,
				BD18BA5B2963C2440088F68F /* Frameworks */,
				BD18BA5C2963C2440088F68F /* Resources */,
			);
			buildRules = (
			);
			dependencies = (
			);
			name = workouts;
			productName = workouts;
			productReference = BD18BA5E2963C2440088F68F /* workouts.app */;
			productType = "com.apple.product-type.application";
		};
		BD18BA6E2963C2450088F68F /* workoutsTests */ = {
			isa = PBXNativeTarget;
			buildConfigurationList = BD18BA862963C2460088F68F /* Build configuration list for PBXNativeTarget "workoutsTests" */;
			buildPhases = (
				BD18BA6B2963C2450088F68F /* Sources */,
				BD18BA6C2963C2450088F68F /* Frameworks */,
				BD18BA6D2963C2450088F68F /* Resources */,
			);
			buildRules = (
			);
			dependencies = (
				BD18BA712963C2450088F68F /* PBXTargetDependency */,
			);
			name = workoutsTests;
			productName = workoutsTests;
			productReference = BD18BA6F2963C2450088F68F /* workoutsTests.xctest */;
			productType = "com.apple.product-type.bundle.unit-test";
		};
		BD18BA782963C2460088F68F /* workoutsUITests */ = {
			isa = PBXNativeTarget;
			buildConfigurationList = BD18BA892963C2460088F68F /* Build configuration list for PBXNativeTarget "workoutsUITests" */;
			buildPhases = (
				BD18BA752963C2460088F68F /* Sources */,
				BD18BA762963C2460088F68F /* Frameworks */,
				BD18BA772963C2460088F68F /* Resources */,
			);
			buildRules = (
			);
			dependencies = (
				BD18BA7B2963C2460088F68F /* PBXTargetDependency */,
			);
			name = workoutsUITests;
			productName = workoutsUITests;
			productReference = BD18BA792963C2460088F68F /* workoutsUITests.xctest */;
			productType = "com.apple.product-type.bundle.ui-testing";
		};
/* End PBXNativeTarget section */

/* Begin PBXProject section */
		BD18BA562963C2440088F68F /* Project object */ = {
			isa = PBXProject;
			attributes = {
				BuildIndependentTargetsInParallel = 1;
				LastSwiftUpdateCheck = 1400;
				LastUpgradeCheck = 1400;
				TargetAttributes = {
					BD18BA5D2963C2440088F68F = {
						CreatedOnToolsVersion = 14.0;
					};
					BD18BA6E2963C2450088F68F = {
						CreatedOnToolsVersion = 14.0;
						TestTargetID = BD18BA5D2963C2440088F68F;
					};
					BD18BA782963C2460088F68F = {
						CreatedOnToolsVersion = 14.0;
						TestTargetID = BD18BA5D2963C2440088F68F;
					};
				};
			};
			buildConfigurationList = BD18BA592963C2440088F68F /* Build configuration list for PBXProject "workouts" */;
			compatibilityVersion = "Xcode 14.0";
			developmentRegion = en;
			hasScannedForEncodings = 0;
			knownRegions = (
				en,
				Base,
			);
			mainGroup = BD18BA552963C2440088F68F;
			productRefGroup = BD18BA5F2963C2440088F68F /* Products */;
			projectDirPath = "";
			projectRoot = "";
			targets = (
				BD18BA5D2963C2440088F68F /* workouts */,
				BD18BA6E2963C2450088F68F /* workoutsTests */,
				BD18BA782963C2460088F68F /* workoutsUITests */,
			);
		};
/* End PBXProject section */

/* Begin PBXResourcesBuildPhase section */
		BD18BA5C2963C2440088F68F /* Resources */ = {
			isa = PBXResourcesBuildPhase;
			buildActionMask = 2147483647;
			files = (
				BD18BA6A2963C2450088F68F /* Preview Assets.xcassets in Resources */,
				BD18BA662963C2450088F68F /* Assets.xcassets in Resources */,
			);
			runOnlyForDeploymentPostprocessing = 0;
		};
		BD18BA6D2963C2450088F68F /* Resources */ = {
			isa = PBXResourcesBuildPhase;
			buildActionMask = 2147483647;
			files = (
			);
			runOnlyForDeploymentPostprocessing = 0;
		};
		BD18BA772963C2460088F68F /* Resources */ = {
			isa = PBXResourcesBuildPhase;
			buildActionMask = 2147483647;
			files = (
			);
			runOnlyForDeploymentPostprocessing = 0;
		};
/* End PBXResourcesBuildPhase section */

/* Begin PBXSourcesBuildPhase section */
		BD18BA5A2963C2440088F68F /* Sources */ = {
			isa = PBXSourcesBuildPhase;
			buildActionMask = 2147483647;
			files = (
				BD18BA642963C2440088F68F /* ContentView.swift in Sources */,
				BD18BA8D2963C26D0088F68F /* Data.swift in Sources */,
				BD18BA622963C2440088F68F /* workoutsApp.swift in Sources */,
			);
			runOnlyForDeploymentPostprocessing = 0;
		};
		BD18BA6B2963C2450088F68F /* Sources */ = {
			isa = PBXSourcesBuildPhase;
			buildActionMask = 2147483647;
			files = (
				BD18BA742963C2450088F68F /* workoutsTests.swift in Sources */,
			);
			runOnlyForDeploymentPostprocessing = 0;
		};
		BD18BA752963C2460088F68F /* Sources */ = {
			isa = PBXSourcesBuildPhase;
			buildActionMask = 2147483647;
			files = (
			);
			runOnlyForDeploymentPostprocessing = 0;
		};
/* End PBXSourcesBuildPhase section */

/* Begin PBXTargetDependency section */
		BD18BA712963C2450088F68F /* PBXTargetDependency */ = {
			isa = PBXTargetDependency;
			target = BD18BA5D2963C2440088F68F /* workouts */;
			targetProxy = BD18BA702963C2450088F68F /* PBXContainerItemProxy */;
		};
		BD18BA7B2963C2460088F68F /* PBXTargetDependency */ = {
			isa = PBXTargetDependency;
			target = BD18BA5D2963C2440088F68F /* workouts */;
			targetProxy = BD18BA7A2963C2460088F68F /* PBXContainerItemProxy */;
		};
/* End PBXTargetDependency section */

/* Begin XCBuildConfiguration section */
		BD18BA812963C2460088F68F /* Debug */ = {
			isa = XCBuildConfiguration;
			buildSettings = {
				ALWAYS_SEARCH_USER_PATHS = NO;
				CLANG_ANALYZER_NONNULL = YES;
				CLANG_ANALYZER_NUMBER_OBJECT_CONVERSION = YES_AGGRESSIVE;
				CLANG_CXX_LANGUAGE_STANDARD = "gnu++20";
				CLANG_ENABLE_MODULES = YES;
				CLANG_ENABLE_OBJC_ARC = YES;
				CLANG_ENABLE_OBJC_WEAK = YES;
				CLANG_WARN_BLOCK_CAPTURE_AUTORELEASING = YES;
				CLANG_WARN_BOOL_CONVERSION = YES;
				CLANG_WARN_COMMA = YES;
				CLANG_WARN_CONSTANT_CONVERSION = YES;
				CLANG_WARN_DEPRECATED_OBJC_IMPLEMENTATIONS = YES;
				CLANG_WARN_DIRECT_OBJC_ISA_USAGE = YES_ERROR;
				CLANG_WARN_DOCUMENTATION_COMMENTS = YES;
				CLANG_WARN_EMPTY_BODY = YES;
				CLANG_WARN_ENUM_CONVERSION = YES;
				CLANG_WARN_INFINITE_RECURSION = YES;
				CLANG_WARN_INT_CONVERSION = YES;
				CLANG_WARN_NON_LITERAL_NULL_CONVERSION = YES;
				CLANG_WARN_OBJC_IMPLICIT_RETAIN_SELF = YES;
				CLANG_WARN_OBJC_LITERAL_CONVERSION = YES;
				CLANG_WARN_OBJC_ROOT_CLASS = YES_ERROR;
				CLANG_WARN_QUOTED_INCLUDE_IN_FRAMEWORK_HEADER = YES;
				CLANG_WARN_RANGE_LOOP_ANALYSIS = YES;
				CLANG_WARN_STRICT_PROTOTYPES = YES;
				CLANG_WARN_SUSPICIOUS_MOVE = YES;
				CLANG_WARN_UNGUARDED_AVAILABILITY = YES_AGGRESSIVE;
				CLANG_WARN_UNREACHABLE_CODE = YES;
				CLANG_WARN__DUPLICATE_METHOD_MATCH = YES;
				COPY_PHASE_STRIP = NO;
				DEBUG_INFORMATION_FORMAT = dwarf;
				ENABLE_STRICT_OBJC_MSGSEND = YES;
				ENABLE_TESTABILITY = YES;
				GCC_C_LANGUAGE_STANDARD = gnu11;
				GCC_DYNAMIC_NO_PIC = NO;
				GCC_NO_COMMON_BLOCKS = YES;
				GCC_OPTIMIZATION_LEVEL = 0;
				GCC_PREPROCESSOR_DEFINITIONS = (
					"DEBUG=1",
					"$(inherited)",
				);
				GCC_WARN_64_TO_32_BIT_CONVERSION = YES;
				GCC_WARN_ABOUT_RETURN_TYPE = YES_ERROR;
				GCC_WARN_UNDECLARED_SELECTOR = YES;
				GCC_WARN_UNINITIALIZED_AUTOS = YES_AGGRESSIVE;
				GCC_WARN_UNUSED_FUNCTION = YES;
				GCC_WARN_UNUSED_VARIABLE = YES;
				MTL_ENABLE_DEBUG_INFO = INCLUDE_SOURCE;
				MTL_FAST_MATH = YES;
				ONLY_ACTIVE_ARCH = YES;
				SWIFT_ACTIVE_COMPILATION_CONDITIONS = DEBUG;
				SWIFT_OPTIMIZATION_LEVEL = "-Onone";
			};
			name = Debug;
		};
		BD18BA822963C2460088F68F /* Release */ = {
			isa = XCBuildConfiguration;
			buildSettings = {
				ALWAYS_SEARCH_USER_PATHS = NO;
				CLANG_ANALYZER_NONNULL = YES;
				CLANG_ANALYZER_NUMBER_OBJECT_CONVERSION = YES_AGGRESSIVE;
				CLANG_CXX_LANGUAGE_STANDARD = "gnu++20";
				CLANG_ENABLE_MODULES = YES;
				CLANG_ENABLE_OBJC_ARC = YES;
				CLANG_ENABLE_OBJC_WEAK = YES;
				CLANG_WARN_BLOCK_CAPTURE_AUTORELEASING = YES;
				CLANG_WARN_BOOL_CONVERSION = YES;
				CLANG_WARN_COMMA = YES;
				CLANG_WARN_CONSTANT_CONVERSION = YES;
				CLANG_WARN_DEPRECATED_OBJC_IMPLEMENTATIONS = YES;
				CLANG_WARN_DIRECT_OBJC_ISA_USAGE = YES_ERROR;
				CLANG_WARN_DOCUMENTATION_COMMENTS = YES;
				CLANG_WARN_EMPTY_BODY = YES;
				CLANG_WARN_ENUM_CONVERSION = YES;
				CLANG_WARN_INFINITE_RECURSION = YES;
				CLANG_WARN_INT_CONVERSION = YES;
				CLANG_WARN_NON_LITERAL_NULL_CONVERSION = YES;
				CLANG_WARN_OBJC_IMPLICIT_RETAIN_SELF = YES;
				CLANG_WARN_OBJC_LITERAL_CONVERSION = YES;
				CLANG_WARN_OBJC_ROOT_CLASS = YES_ERROR;
				CLANG_WARN_QUOTED_INCLUDE_IN_FRAMEWORK_HEADER = YES;
				CLANG_WARN_RANGE_LOOP_ANALYSIS = YES;
				CLANG_WARN_STRICT_PROTOTYPES = YES;
				CLANG_WARN_SUSPICIOUS_MOVE = YES;
				CLANG_WARN_UNGUARDED_AVAILABILITY = YES_AGGRESSIVE;
				CLANG_WARN_UNREACHABLE_CODE = YES;
				CLANG_WARN__DUPLICATE_METHOD_MATCH = YES;
				COPY_PHASE_STRIP = NO;
				DEBUG_INFORMATION_FORMAT = "dwarf-with-dsym";
				ENABLE_NS_ASSERTIONS = NO;
				ENABLE_STRICT_OBJC_MSGSEND = YES;
				GCC_C_LANGUAGE_STANDARD = gnu11;
				GCC_NO_COMMON_BLOCKS = YES;
				GCC_WARN_64_TO_32_BIT_CONVERSION = YES;
				GCC_WARN_ABOUT_RETURN_TYPE = YES_ERROR;
				GCC_WARN_UNDECLARED_SELECTOR = YES;
				GCC_WARN_UNINITIALIZED_AUTOS = YES_AGGRESSIVE;
				GCC_WARN_UNUSED_FUNCTION = YES;
				GCC_WARN_UNUSED_VARIABLE = YES;
				MTL_ENABLE_DEBUG_INFO = NO;
				MTL_FAST_MATH = YES;
				SWIFT_COMPILATION_MODE = wholemodule;
				SWIFT_OPTIMIZATION_LEVEL = "-O";
			};
			name = Release;
		};
		BD18BA842963C2460088F68F /* Debug */ = {
			isa = XCBuildConfiguration;
			buildSettings = {
				ASSETCATALOG_COMPILER_APPICON_NAME = AppIcon;
				ASSETCATALOG_COMPILER_GLOBAL_ACCENT_COLOR_NAME = AccentColor;
				CODE_SIGN_ENTITLEMENTS = workouts/workouts.entitlements;
				CODE_SIGN_STYLE = Automatic;
				CURRENT_PROJECT_VERSION = 1;
				DEVELOPMENT_ASSET_PATHS = "\"workouts/Preview Content\"";
				DEVELOPMENT_TEAM = 6ZT823VK2T;
				ENABLE_HARDENED_RUNTIME = YES;
				ENABLE_PREVIEWS = YES;
				GENERATE_INFOPLIST_FILE = YES;
				"INFOPLIST_KEY_UIApplicationSceneManifest_Generation[sdk=iphoneos*]" = YES;
				"INFOPLIST_KEY_UIApplicationSceneManifest_Generation[sdk=iphonesimulator*]" = YES;
				"INFOPLIST_KEY_UIApplicationSupportsIndirectInputEvents[sdk=iphoneos*]" = YES;
				"INFOPLIST_KEY_UIApplicationSupportsIndirectInputEvents[sdk=iphonesimulator*]" = YES;
				"INFOPLIST_KEY_UILaunchScreen_Generation[sdk=iphoneos*]" = YES;
				"INFOPLIST_KEY_UILaunchScreen_Generation[sdk=iphonesimulator*]" = YES;
				"INFOPLIST_KEY_UIStatusBarStyle[sdk=iphoneos*]" = UIStatusBarStyleDefault;
				"INFOPLIST_KEY_UIStatusBarStyle[sdk=iphonesimulator*]" = UIStatusBarStyleDefault;
				INFOPLIST_KEY_UISupportedInterfaceOrientations_iPad = "UIInterfaceOrientationPortrait UIInterfaceOrientationPortraitUpsideDown UIInterfaceOrientationLandscapeLeft UIInterfaceOrientationLandscapeRight";
				INFOPLIST_KEY_UISupportedInterfaceOrientations_iPhone = "UIInterfaceOrientationPortrait UIInterfaceOrientationLandscapeLeft UIInterfaceOrientationLandscapeRight";
				IPHONEOS_DEPLOYMENT_TARGET = 16.0;
				LD_RUNPATH_SEARCH_PATHS = "@executable_path/Frameworks";
				"LD_RUNPATH_SEARCH_PATHS[sdk=macosx*]" = "@executable_path/../Frameworks";
				MACOSX_DEPLOYMENT_TARGET = 12.3;
				MARKETING_VERSION = 1.0;
				PRODUCT_BUNDLE_IDENTIFIER = com.frank.workouts;
				PRODUCT_NAME = "$(TARGET_NAME)";
				SDKROOT = auto;
				SUPPORTED_PLATFORMS = "iphoneos iphonesimulator macosx";
				SWIFT_EMIT_LOC_STRINGS = YES;
				SWIFT_VERSION = 5.0;
				TARGETED_DEVICE_FAMILY = "1,2";
			};
			name = Debug;
		};
		BD18BA852963C2460088F68F /* Release */ = {
			isa = XCBuildConfiguration;
			buildSettings = {
				ASSETCATALOG_COMPILER_APPICON_NAME = AppIcon;
				ASSETCATALOG_COMPILER_GLOBAL_ACCENT_COLOR_NAME = AccentColor;
				CODE_SIGN_ENTITLEMENTS = workouts/workouts.entitlements;
				CODE_SIGN_STYLE = Automatic;
				CURRENT_PROJECT_VERSION = 1;
				DEVELOPMENT_ASSET_PATHS = "\"workouts/Preview Content\"";
				DEVELOPMENT_TEAM = 6ZT823VK2T;
				ENABLE_HARDENED_RUNTIME = YES;
				ENABLE_PREVIEWS = YES;
				GENERATE_INFOPLIST_FILE = YES;
				"INFOPLIST_KEY_UIApplicationSceneManifest_Generation[sdk=iphoneos*]" = YES;
				"INFOPLIST_KEY_UIApplicationSceneManifest_Generation[sdk=iphonesimulator*]" = YES;
				"INFOPLIST_KEY_UIApplicationSupportsIndirectInputEvents[sdk=iphoneos*]" = YES;
				"INFOPLIST_KEY_UIApplicationSupportsIndirectInputEvents[sdk=iphonesimulator*]" = YES;
				"INFOPLIST_KEY_UILaunchScreen_Generation[sdk=iphoneos*]" = YES;
				"INFOPLIST_KEY_UILaunchScreen_Generation[sdk=iphonesimulator*]" = YES;
				"INFOPLIST_KEY_UIStatusBarStyle[sdk=iphoneos*]" = UIStatusBarStyleDefault;
				"INFOPLIST_KEY_UIStatusBarStyle[sdk=iphonesimulator*]" = UIStatusBarStyleDefault;
				INFOPLIST_KEY_UISupportedInterfaceOrientations_iPad = "UIInterfaceOrientationPortrait UIInterfaceOrientationPortraitUpsideDown UIInterfaceOrientationLandscapeLeft UIInterfaceOrientationLandscapeRight";
				INFOPLIST_KEY_UISupportedInterfaceOrientations_iPhone = "UIInterfaceOrientationPortrait UIInterfaceOrientationLandscapeLeft UIInterfaceOrientationLandscapeRight";
				IPHONEOS_DEPLOYMENT_TARGET = 16.0;
				LD_RUNPATH_SEARCH_PATHS = "@executable_path/Frameworks";
				"LD_RUNPATH_SEARCH_PATHS[sdk=macosx*]" = "@executable_path/../Frameworks";
				MACOSX_DEPLOYMENT_TARGET = 12.3;
				MARKETING_VERSION = 1.0;
				PRODUCT_BUNDLE_IDENTIFIER = com.frank.workouts;
				PRODUCT_NAME = "$(TARGET_NAME)";
				SDKROOT = auto;
				SUPPORTED_PLATFORMS = "iphoneos iphonesimulator macosx";
				SWIFT_EMIT_LOC_STRINGS = YES;
				SWIFT_VERSION = 5.0;
				TARGETED_DEVICE_FAMILY = "1,2";
			};
			name = Release;
		};
		BD18BA872963C2460088F68F /* Debug */ = {
			isa = XCBuildConfiguration;
			buildSettings = {
				ALWAYS_EMBED_SWIFT_STANDARD_LIBRARIES = YES;
				BUNDLE_LOADER = "$(TEST_HOST)";
				CODE_SIGN_STYLE = Automatic;
				CURRENT_PROJECT_VERSION = 1;
				DEVELOPMENT_TEAM = 6ZT823VK2T;
				GENERATE_INFOPLIST_FILE = YES;
				IPHONEOS_DEPLOYMENT_TARGET = 16.0;
				MACOSX_DEPLOYMENT_TARGET = 12.3;
				MARKETING_VERSION = 1.0;
				PRODUCT_BUNDLE_IDENTIFIER = com.frank.workoutsTests;
				PRODUCT_NAME = "$(TARGET_NAME)";
				SDKROOT = auto;
				SUPPORTED_PLATFORMS = "iphoneos iphonesimulator macosx";
				SWIFT_EMIT_LOC_STRINGS = NO;
				SWIFT_VERSION = 5.0;
				TARGETED_DEVICE_FAMILY = "1,2";
				TEST_HOST = "$(BUILT_PRODUCTS_DIR)/workouts.app/$(BUNDLE_EXECUTABLE_FOLDER_PATH)/workouts";
			};
			name = Debug;
		};
		BD18BA882963C2460088F68F /* Release */ = {
			isa = XCBuildConfiguration;
			buildSettings = {
				ALWAYS_EMBED_SWIFT_STANDARD_LIBRARIES = YES;
				BUNDLE_LOADER = "$(TEST_HOST)";
				CODE_SIGN_STYLE = Automatic;
				CURRENT_PROJECT_VERSION = 1;
				DEVELOPMENT_TEAM = 6ZT823VK2T;
				GENERATE_INFOPLIST_FILE = YES;
				IPHONEOS_DEPLOYMENT_TARGET = 16.0;
				MACOSX_DEPLOYMENT_TARGET = 12.3;
				MARKETING_VERSION = 1.0;
				PRODUCT_BUNDLE_IDENTIFIER = com.frank.workoutsTests;
				PRODUCT_NAME = "$(TARGET_NAME)";
				SDKROOT = auto;
				SUPPORTED_PLATFORMS = "iphoneos iphonesimulator macosx";
				SWIFT_EMIT_LOC_STRINGS = NO;
				SWIFT_VERSION = 5.0;
				TARGETED_DEVICE_FAMILY = "1,2";
				TEST_HOST = "$(BUILT_PRODUCTS_DIR)/workouts.app/$(BUNDLE_EXECUTABLE_FOLDER_PATH)/workouts";
			};
			name = Release;
		};
		BD18BA8A2963C2460088F68F /* Debug */ = {
			isa = XCBuildConfiguration;
			buildSettings = {
				ALWAYS_EMBED_SWIFT_STANDARD_LIBRARIES = YES;
				CODE_SIGN_STYLE = Automatic;
				CURRENT_PROJECT_VERSION = 1;
				DEVELOPMENT_TEAM = 6ZT823VK2T;
				GENERATE_INFOPLIST_FILE = YES;
				IPHONEOS_DEPLOYMENT_TARGET = 16.0;
				MACOSX_DEPLOYMENT_TARGET = 12.3;
				MARKETING_VERSION = 1.0;
				PRODUCT_BUNDLE_IDENTIFIER = com.frank.workoutsUITests;
				PRODUCT_NAME = "$(TARGET_NAME)";
				SDKROOT = auto;
				SUPPORTED_PLATFORMS = "iphoneos iphonesimulator macosx";
				SWIFT_EMIT_LOC_STRINGS = NO;
				SWIFT_VERSION = 5.0;
				TARGETED_DEVICE_FAMILY = "1,2";
				TEST_TARGET_NAME = workouts;
			};
			name = Debug;
		};
		BD18BA8B2963C2460088F68F /* Release */ = {
			isa = XCBuildConfiguration;
			buildSettings = {
				ALWAYS_EMBED_SWIFT_STANDARD_LIBRARIES = YES;
				CODE_SIGN_STYLE = Automatic;
				CURRENT_PROJECT_VERSION = 1;
				DEVELOPMENT_TEAM = 6ZT823VK2T;
				GENERATE_INFOPLIST_FILE = YES;
				IPHONEOS_DEPLOYMENT_TARGET = 16.0;
				MACOSX_DEPLOYMENT_TARGET = 12.3;
				MARKETING_VERSION = 1.0;
				PRODUCT_BUNDLE_IDENTIFIER = com.frank.workoutsUITests;
				PRODUCT_NAME = "$(TARGET_NAME)";
				SDKROOT = auto;
				SUPPORTED_PLATFORMS = "iphoneos iphonesimulator macosx";
				SWIFT_EMIT_LOC_STRINGS = NO;
				SWIFT_VERSION = 5.0;
				TARGETED_DEVICE_FAMILY = "1,2";
				TEST_TARGET_NAME = workouts;
			};
			name = Release;
		};
/* End XCBuildConfiguration section */

/* Begin XCConfigurationList section */
		BD18BA592963C2440088F68F /* Build configuration list for PBXProject "workouts" */ = {
			isa = XCConfigurationList;
			buildConfigurations = (
				BD18BA812963C2460088F68F /* Debug */,
				BD18BA822963C2460088F68F /* Release */,
			);
			defaultConfigurationIsVisible = 0;
			defaultConfigurationName = Release;
		};
		BD18BA832963C2460088F68F /* Build configuration list for PBXNativeTarget "workouts" */ = {
			isa = XCConfigurationList;
			buildConfigurations = (
				BD18BA842963C2460088F68F /* Debug */,
				BD18BA852963C2460088F68F /* Release */,
			);
			defaultConfigurationIsVisible = 0;
			defaultConfigurationName = Release;
		};
		BD18BA862963C2460088F68F /* Build configuration list for PBXNativeTarget "workoutsTests" */ = {
			isa = XCConfigurationList;
			buildConfigurations = (
				BD18BA872963C2460088F68F /* Debug */,
				BD18BA882963C2460088F68F /* Release */,
			);
			defaultConfigurationIsVisible = 0;
			defaultConfigurationName = Release;
		};
		BD18BA892963C2460088F68F /* Build configuration list for PBXNativeTarget "workoutsUITests" */ = {
			isa = XCConfigurationList;
			buildConfigurations = (
				BD18BA8A2963C2460088F68F /* Debug */,
				BD18BA8B2963C2460088F68F /* Release */,
			);
			defaultConfigurationIsVisible = 0;
			defaultConfigurationName = Release;
		};
/* End XCConfigurationList section */
	};
	rootObject = BD18BA562963C2440088F68F /* Project object */;
}
